
Microsoft Visual Studio Solution File, Format Version 12.00
# Visual Studio Version 17
VisualStudioVersion = 17.8.34316.72
MinimumVisualStudioVersion = 10.0.40219.1
Project("{888888A0-9F3D-457C-B088-3A5042F75D52}") = "Probabilty And Statistics Project Final", "Probabilty And Statistics Project Final\Probabilty And Statistics Project Final.pyproj", "{34CB1E5F-722B-4484-9739-80B7576432E6}"
EndProject
Global
	GlobalSection(SolutionConfigurationPlatforms) = preSolution
		Debug|Any CPU = Debug|Any CPU
		Release|Any CPU = Release|Any CPU
	EndGlobalSection
	GlobalSection(ProjectConfigurationPlatforms) = postSolution
		{34CB1E5F-722B-4484-9739-80B7576432E6}.Debug|Any CPU.ActiveCfg = Debug|Any CPU
		{34CB1E5F-722B-4484-9739-80B7576432E6}.Release|Any CPU.ActiveCfg = Release|Any CPU
	EndGlobalSection
	GlobalSection(SolutionProperties) = preSolution
		HideSolutionNode = FALSE
	EndGlobalSection
	GlobalSection(ExtensibilityGlobals) = postSolution
		SolutionGuid = {5833BB4B-C6A5-4718-9572-0D4FF798702E}
	EndGlobalSection
EndGlobal
